
Microsoft Visual Studio Solution File, Format Version 12.00
# Visual Studio Version 16
VisualStudioVersion = 16.0.31424.327
MinimumVisualStudioVersion = 10.0.40219.1
Project("{FAE04EC0-301F-11D3-BF4B-00C04F79EFBC}") = "mini project", "mini project\mini project.csproj", "{2229EA0D-D5D3-4053-89BB-4EE366638C75}"
EndProject
Global
	GlobalSection(SolutionConfigurationPlatforms) = preSolution
		Debug|Any CPU = Debug|Any CPU
		Release|Any CPU = Release|Any CPU
	EndGlobalSection
	GlobalSection(ProjectConfigurationPlatforms) = postSolution
		{2229EA0D-D5D3-4053-89BB-4EE366638C75}.Debug|Any CPU.ActiveCfg = Debug|Any CPU
		{2229EA0D-D5D3-4053-89BB-4EE366638C75}.Debug|Any CPU.Build.0 = Debug|Any CPU
		{2229EA0D-D5D3-4053-89BB-4EE366638C75}.Release|Any CPU.ActiveCfg = Release|Any CPU
		{2229EA0D-D5D3-4053-89BB-4EE366638C75}.Release|Any CPU.Build.0 = Release|Any CPU
	EndGlobalSection
	GlobalSection(SolutionProperties) = preSolution
		HideSolutionNode = FALSE
	EndGlobalSection
	GlobalSection(ExtensibilityGlobals) = postSolution
		SolutionGuid = {B08C2E82-72F8-4927-9A2F-0C854B0432A3}
	EndGlobalSection
EndGlobal
